{
    "_readme": [
        "This file locks the dependencies of your project to a known state",
        "Read more about it at https://getcomposer.org/doc/01-basic-usage.md#installing-dependencies",
        "This file is @generated automatically"
    ],
    "content-hash": "7a1172b1a17b8a58fd3f50557a48316e",
    "packages": [],
    "packages-dev": [],
    "aliases": [],
    "minimum-stability": "stable",
    "stability-flags": {},
    "prefer-stable": false,
    "prefer-lowest": false,
    "platform": {
        "php": ">=8.1.0",
        "ext-dom": "*",
        "ext-sqlite3": "*",
        "ext-xmlreader": "*"
    },
    "platform-dev": {},
    "plugin-api-version": "2.6.0"
}
